// !$*UTF8*$!
{
	archiveVersion = 1;
	classes = {
	};
	objectVersion = 77;
	objects = {

/* Begin PBXContainerItemProxy section */
		92A0DE9B2D62F1AA00329669 /* PBXContainerItemProxy */ = {
			isa = PBXContainerItemProxy;
			containerPortal = 92A0DE822D62F1A900329669 /* Project object */;
			proxyType = 1;
			remoteGlobalIDString = 92A0DE892D62F1A900329669;
			remoteInfo = Countify;
		};
		92A0DEA52D62F1AA00329669 /* PBXContainerItemProxy */ = {
			isa = PBXContainerItemProxy;
			containerPortal = 92A0DE822D62F1A900329669 /* Project object */;
			proxyType = 1;
			remoteGlobalIDString = 92A0DE892D62F1A900329669;
			remoteInfo = Countify;
		};
/* End PBXContainerItemProxy section */

/* Begin PBXFileReference section */
		92A0DE8A2D62F1A900329669 /* Countify.app */ = {isa = PBXFileReference; explicitFileType = wrapper.application; includeInIndex = 0; path = Countify.app; sourceTree = BUILT_PRODUCTS_DIR; };
		92A0DE9A2D62F1AA00329669 /* CountifyTests.xctest */ = {isa = PBXFileReference; explicitFileType = wrapper.cfbundle; includeInIndex = 0; path = CountifyTests.xctest; sourceTree = BUILT_PRODUCTS_DIR; };
		92A0DEA42D62F1AA00329669 /* CountifyUITests.xctest */ = {isa = PBXFileReference; explicitFileType = wrapper.cfbundle; includeInIndex = 0; path = CountifyUITests.xctest; sourceTree = BUILT_PRODUCTS_DIR; };
/* End PBXFileReference section */

/* Begin PBXFileSystemSynchronizedBuildFileExceptionSet section */
		92D488FD2D7AB4E000A0FE63 /* Exceptions for "Countify" folder in "Countify" target */ = {
			isa = PBXFileSystemSynchronizedBuildFileExceptionSet;
			membershipExceptions = (
				Info.plist,
			);
			target = 92A0DE892D62F1A900329669 /* Countify */;
		};
		92E0E1432D6A5A6B0041B0C0 /* Exceptions for "CountifyTests" folder in "CountifyTests" target */ = {
			isa = PBXFileSystemSynchronizedBuildFileExceptionSet;
			membershipExceptions = (
				CountifyTests.swift,
			);
			target = 92A0DE992D62F1AA00329669 /* CountifyTests */;
		};
		92E0E1442D6A5A6B0041B0C0 /* Exceptions for "CountifyTests" folder in "CountifyUITests" target */ = {
			isa = PBXFileSystemSynchronizedBuildFileExceptionSet;
			membershipExceptions = (
				CountifyTests.swift,
			);
			target = 92A0DEA32D62F1AA00329669 /* CountifyUITests */;
		};
/* End PBXFileSystemSynchronizedBuildFileExceptionSet section */

/* Begin PBXFileSystemSynchronizedRootGroup section */
		92A0DE8C2D62F1A900329669 /* Countify */ = {
			isa = PBXFileSystemSynchronizedRootGroup;
			exceptions = (
				92D488FD2D7AB4E000A0FE63 /* Exceptions for "Countify" folder in "Countify" target */,
			);
			path = Countify;
			sourceTree = "<group>";
		};
		92A0DEA72D62F1AA00329669 /* CountifyUITests */ = {
			isa = PBXFileSystemSynchronizedRootGroup;
			path = CountifyUITests;
			sourceTree = "<group>";
		};
		92E0E1422D6A5A4A0041B0C0 /* CountifyTests */ = {
			isa = PBXFileSystemSynchronizedRootGroup;
			exceptions = (
				92E0E1432D6A5A6B0041B0C0 /* Exceptions for "CountifyTests" folder in "CountifyTests" target */,
				92E0E1442D6A5A6B0041B0C0 /* Exceptions for "CountifyTests" folder in "CountifyUITests" target */,
			);
			path = CountifyTests;
			sourceTree = "<group>";
		};
/* End PBXFileSystemSynchronizedRootGroup section */

/* Begin PBXFrameworksBuildPhase section */
		92A0DE872D62F1A900329669 /* Frameworks */ = {
			isa = PBXFrameworksBuildPhase;
			buildActionMask = 2147483647;
			files = (
			);
			runOnlyForDeploymentPostprocessing = 0;
		};
		92A0DE972D62F1AA00329669 /* Frameworks */ = {
			isa = PBXFrameworksBuildPhase;
			buildActionMask = 2147483647;
			files = (
			);
			runOnlyForDeploymentPostprocessing = 0;
		};
		92A0DEA12D62F1AA00329669 /* Frameworks */ = {
			isa = PBXFrameworksBuildPhase;
			buildActionMask = 2147483647;
			files = (
			);
			runOnlyForDeploymentPostprocessing = 0;
		};
/* End PBXFrameworksBuildPhase section */

/* Begin PBXGroup section */
		92A0DE812D62F1A900329669 = {
			isa = PBXGroup;
			children = (
				92A0DE8C2D62F1A900329669 /* Countify */,
				92E0E1422D6A5A4A0041B0C0 /* CountifyTests */,
				92A0DEA72D62F1AA00329669 /* CountifyUITests */,
				92A0DE8B2D62F1A900329669 /* Products */,
			);
			sourceTree = "<group>";
		};
		92A0DE8B2D62F1A900329669 /* Products */ = {
			isa = PBXGroup;
			children = (
				92A0DE8A2D62F1A900329669 /* Countify.app */,
				92A0DE9A2D62F1AA00329669 /* CountifyTests.xctest */,
				92A0DEA42D62F1AA00329669 /* CountifyUITests.xctest */,
			);
			name = Products;
			sourceTree = "<group>";
		};
/* End PBXGroup section */

/* Begin PBXNativeTarget section */
		92A0DE892D62F1A900329669 /* Countify */ = {
			isa = PBXNativeTarget;
			buildConfigurationList = 92A0DEAE2D62F1AB00329669 /* Build configuration list for PBXNativeTarget "Countify" */;
			buildPhases = (
				92A0DE862D62F1A900329669 /* Sources */,
				92A0DE872D62F1A900329669 /* Frameworks */,
				92A0DE882D62F1A900329669 /* Resources */,
			);
			buildRules = (
			);
			dependencies = (
			);
			fileSystemSynchronizedGroups = (
				92A0DE8C2D62F1A900329669 /* Countify */,
			);
			name = Countify;
			packageProductDependencies = (
			);
			productName = Countify;
			productReference = 92A0DE8A2D62F1A900329669 /* Countify.app */;
			productType = "com.apple.product-type.application";
		};
		92A0DE992D62F1AA00329669 /* CountifyTests */ = {
			isa = PBXNativeTarget;
			buildConfigurationList = 92A0DEB12D62F1AB00329669 /* Build configuration list for PBXNativeTarget "CountifyTests" */;
			buildPhases = (
				92A0DE962D62F1AA00329669 /* Sources */,
				92A0DE972D62F1AA00329669 /* Frameworks */,
				92A0DE982D62F1AA00329669 /* Resources */,
			);
			buildRules = (
			);
			dependencies = (
				92A0DE9C2D62F1AA00329669 /* PBXTargetDependency */,
			);
			name = CountifyTests;
			packageProductDependencies = (
			);
			productName = CountifyTests;
			productReference = 92A0DE9A2D62F1AA00329669 /* CountifyTests.xctest */;
			productType = "com.apple.product-type.bundle.unit-test";
		};
		92A0DEA32D62F1AA00329669 /* CountifyUITests */ = {
			isa = PBXNativeTarget;
			buildConfigurationList = 92A0DEB42D62F1AB00329669 /* Build configuration list for PBXNativeTarget "CountifyUITests" */;
			buildPhases = (
				92A0DEA02D62F1AA00329669 /* Sources */,
				92A0DEA12D62F1AA00329669 /* Frameworks */,
				92A0DEA22D62F1AA00329669 /* Resources */,
			);
			buildRules = (
			);
			dependencies = (
				92A0DEA62D62F1AA00329669 /* PBXTargetDependency */,
			);
			fileSystemSynchronizedGroups = (
				92A0DEA72D62F1AA00329669 /* CountifyUITests */,
				92E0E1422D6A5A4A0041B0C0 /* CountifyTests */,
			);
			name = CountifyUITests;
			packageProductDependencies = (
			);
			productName = CountifyUITests;
			productReference = 92A0DEA42D62F1AA00329669 /* CountifyUITests.xctest */;
			productType = "com.apple.product-type.bundle.ui-testing";
		};
/* End PBXNativeTarget section */

/* Begin PBXProject section */
		92A0DE822D62F1A900329669 /* Project object */ = {
			isa = PBXProject;
			attributes = {
				BuildIndependentTargetsInParallel = 1;
				LastSwiftUpdateCheck = 1620;
				LastUpgradeCheck = 1620;
				TargetAttributes = {
					92A0DE892D62F1A900329669 = {
						CreatedOnToolsVersion = 16.2;
					};
					92A0DE992D62F1AA00329669 = {
						CreatedOnToolsVersion = 16.2;
						TestTargetID = 92A0DE892D62F1A900329669;
					};
					92A0DEA32D62F1AA00329669 = {
						CreatedOnToolsVersion = 16.2;
						TestTargetID = 92A0DE892D62F1A900329669;
					};
				};
			};
			buildConfigurationList = 92A0DE852D62F1A900329669 /* Build configuration list for PBXProject "Countify" */;
			developmentRegion = en;
			hasScannedForEncodings = 0;
			knownRegions = (
				en,
				Base,
			);
			mainGroup = 92A0DE812D62F1A900329669;
			minimizedProjectReferenceProxies = 1;
			preferredProjectObjectVersion = 77;
			productRefGroup = 92A0DE8B2D62F1A900329669 /* Products */;
			projectDirPath = "";
			projectRoot = "";
			targets = (
				92A0DE892D62F1A900329669 /* Countify */,
				92A0DE992D62F1AA00329669 /* CountifyTests */,
				92A0DEA32D62F1AA00329669 /* CountifyUITests */,
			);
		};
/* End PBXProject section */

/* Begin PBXResourcesBuildPhase section */
		92A0DE882D62F1A900329669 /* Resources */ = {
			isa = PBXResourcesBuildPhase;
			buildActionMask = 2147483647;
			files = (
			);
			runOnlyForDeploymentPostprocessing = 0;
		};
		92A0DE982D62F1AA00329669 /* Resources */ = {
			isa = PBXResourcesBuildPhase;
			buildActionMask = 2147483647;
			files = (
			);
			runOnlyForDeploymentPostprocessing = 0;
		};
		92A0DEA22D62F1AA00329669 /* Resources */ = {
			isa = PBXResourcesBuildPhase;
			buildActionMask = 2147483647;
			files = (
			);
			runOnlyForDeploymentPostprocessing = 0;
		};
/* End PBXResourcesBuildPhase section */

/* Begin PBXSourcesBuildPhase section */
		92A0DE862D62F1A900329669 /* Sources */ = {
			isa = PBXSourcesBuildPhase;
			buildActionMask = 2147483647;
			files = (
			);
			runOnlyForDeploymentPostprocessing = 0;
		};
		92A0DE962D62F1AA00329669 /* Sources */ = {
			isa = PBXSourcesBuildPhase;
			buildActionMask = 2147483647;
			files = (
			);
			runOnlyForDeploymentPostprocessing = 0;
		};
		92A0DEA02D62F1AA00329669 /* Sources */ = {
			isa = PBXSourcesBuildPhase;
			buildActionMask = 2147483647;
			files = (
			);
			runOnlyForDeploymentPostprocessing = 0;
		};
/* End PBXSourcesBuildPhase section */

/* Begin PBXTargetDependency section */
		92A0DE9C2D62F1AA00329669 /* PBXTargetDependency */ = {
			isa = PBXTargetDependency;
			target = 92A0DE892D62F1A900329669 /* Countify */;
			targetProxy = 92A0DE9B2D62F1AA00329669 /* PBXContainerItemProxy */;
		};
		92A0DEA62D62F1AA00329669 /* PBXTargetDependency */ = {
			isa = PBXTargetDependency;
			target = 92A0DE892D62F1A900329669 /* Countify */;
			targetProxy = 92A0DEA52D62F1AA00329669 /* PBXContainerItemProxy */;
		};
/* End PBXTargetDependency section */

/* Begin XCBuildConfiguration section */
		92A0DEAC2D62F1AB00329669 /* Debug */ = {
			isa = XCBuildConfiguration;
			buildSettings = {
				ALWAYS_SEARCH_USER_PATHS = NO;
				ASSETCATALOG_COMPILER_GENERATE_SWIFT_ASSET_SYMBOL_EXTENSIONS = YES;
				CLANG_ANALYZER_NONNULL = YES;
				CLANG_ANALYZER_NUMBER_OBJECT_CONVERSION = YES_AGGRESSIVE;
				CLANG_CXX_LANGUAGE_STANDARD = "gnu++20";
				CLANG_ENABLE_MODULES = YES;
				CLANG_ENABLE_OBJC_ARC = YES;
				CLANG_ENABLE_OBJC_WEAK = YES;
				CLANG_WARN_BLOCK_CAPTURE_AUTORELEASING = YES;
				CLANG_WARN_BOOL_CONVERSION = YES;
				CLANG_WARN_COMMA = YES;
				CLANG_WARN_CONSTANT_CONVERSION = YES;
				CLANG_WARN_DEPRECATED_OBJC_IMPLEMENTATIONS = YES;
				CLANG_WARN_DIRECT_OBJC_ISA_USAGE = YES_ERROR;
				CLANG_WARN_DOCUMENTATION_COMMENTS = YES;
				CLANG_WARN_EMPTY_BODY = YES;
				CLANG_WARN_ENUM_CONVERSION = YES;
				CLANG_WARN_INFINITE_RECURSION = YES;
				CLANG_WARN_INT_CONVERSION = YES;
				CLANG_WARN_NON_LITERAL_NULL_CONVERSION = YES;
				CLANG_WARN_OBJC_IMPLICIT_RETAIN_SELF = YES;
				CLANG_WARN_OBJC_LITERAL_CONVERSION = YES;
				CLANG_WARN_OBJC_ROOT_CLASS = YES_ERROR;
				CLANG_WARN_QUOTED_INCLUDE_IN_FRAMEWORK_HEADER = YES;
				CLANG_WARN_RANGE_LOOP_ANALYSIS = YES;
				CLANG_WARN_STRICT_PROTOTYPES = YES;
				CLANG_WARN_SUSPICIOUS_MOVE = YES;
				CLANG_WARN_UNGUARDED_AVAILABILITY = YES_AGGRESSIVE;
				CLANG_WARN_UNREACHABLE_CODE = YES;
				CLANG_WARN__DUPLICATE_METHOD_MATCH = YES;
				COPY_PHASE_STRIP = NO;
				DEBUG_INFORMATION_FORMAT = dwarf;
				ENABLE_STRICT_OBJC_MSGSEND = YES;
				ENABLE_TESTABILITY = YES;
				ENABLE_USER_SCRIPT_SANDBOXING = YES;
				GCC_C_LANGUAGE_STANDARD = gnu17;
				GCC_DYNAMIC_NO_PIC = NO;
				GCC_NO_COMMON_BLOCKS = YES;
				GCC_OPTIMIZATION_LEVEL = 0;
				GCC_PREPROCESSOR_DEFINITIONS = (
					"DEBUG=1",
					"$(inherited)",
				);
				GCC_WARN_64_TO_32_BIT_CONVERSION = YES;
				GCC_WARN_ABOUT_RETURN_TYPE = YES_ERROR;
				GCC_WARN_UNDECLARED_SELECTOR = YES;
				GCC_WARN_UNINITIALIZED_AUTOS = YES_AGGRESSIVE;
				GCC_WARN_UNUSED_FUNCTION = YES;
				GCC_WARN_UNUSED_VARIABLE = YES;
				IPHONEOS_DEPLOYMENT_TARGET = 18.2;
				LOCALIZATION_PREFERS_STRING_CATALOGS = YES;
				MTL_ENABLE_DEBUG_INFO = INCLUDE_SOURCE;
				MTL_FAST_MATH = YES;
				ONLY_ACTIVE_ARCH = YES;
				SDKROOT = iphoneos;
				SWIFT_ACTIVE_COMPILATION_CONDITIONS = "DEBUG $(inherited)";
				SWIFT_OPTIMIZATION_LEVEL = "-Onone";
			};
			name = Debug;
		};
		92A0DEAD2D62F1AB00329669 /* Release */ = {
			isa = XCBuildConfiguration;
			buildSettings = {
				ALWAYS_SEARCH_USER_PATHS = NO;
				ASSETCATALOG_COMPILER_GENERATE_SWIFT_ASSET_SYMBOL_EXTENSIONS = YES;
				CLANG_ANALYZER_NONNULL = YES;
				CLANG_ANALYZER_NUMBER_OBJECT_CONVERSION = YES_AGGRESSIVE;
				CLANG_CXX_LANGUAGE_STANDARD = "gnu++20";
				CLANG_ENABLE_MODULES = YES;
				CLANG_ENABLE_OBJC_ARC = YES;
				CLANG_ENABLE_OBJC_WEAK = YES;
				CLANG_WARN_BLOCK_CAPTURE_AUTORELEASING = YES;
				CLANG_WARN_BOOL_CONVERSION = YES;
				CLANG_WARN_COMMA = YES;
				CLANG_WARN_CONSTANT_CONVERSION = YES;
				CLANG_WARN_DEPRECATED_OBJC_IMPLEMENTATIONS = YES;
				CLANG_WARN_DIRECT_OBJC_ISA_USAGE = YES_ERROR;
				CLANG_WARN_DOCUMENTATION_COMMENTS = YES;
				CLANG_WARN_EMPTY_BODY = YES;
				CLANG_WARN_ENUM_CONVERSION = YES;
				CLANG_WARN_INFINITE_RECURSION = YES;
				CLANG_WARN_INT_CONVERSION = YES;
				CLANG_WARN_NON_LITERAL_NULL_CONVERSION = YES;
				CLANG_WARN_OBJC_IMPLICIT_RETAIN_SELF = YES;
				CLANG_WARN_OBJC_LITERAL_CONVERSION = YES;
				CLANG_WARN_OBJC_ROOT_CLASS = YES_ERROR;
				CLANG_WARN_QUOTED_INCLUDE_IN_FRAMEWORK_HEADER = YES;
				CLANG_WARN_RANGE_LOOP_ANALYSIS = YES;
				CLANG_WARN_STRICT_PROTOTYPES = YES;
				CLANG_WARN_SUSPICIOUS_MOVE = YES;
				CLANG_WARN_UNGUARDED_AVAILABILITY = YES_AGGRESSIVE;
				CLANG_WARN_UNREACHABLE_CODE = YES;
				CLANG_WARN__DUPLICATE_METHOD_MATCH = YES;
				COPY_PHASE_STRIP = NO;
				DEBUG_INFORMATION_FORMAT = "dwarf-with-dsym";
				ENABLE_NS_ASSERTIONS = NO;
				ENABLE_STRICT_OBJC_MSGSEND = YES;
				ENABLE_USER_SCRIPT_SANDBOXING = YES;
				GCC_C_LANGUAGE_STANDARD = gnu17;
				GCC_NO_COMMON_BLOCKS = YES;
				GCC_WARN_64_TO_32_BIT_CONVERSION = YES;
				GCC_WARN_ABOUT_RETURN_TYPE = YES_ERROR;
				GCC_WARN_UNDECLARED_SELECTOR = YES;
				GCC_WARN_UNINITIALIZED_AUTOS = YES_AGGRESSIVE;
				GCC_WARN_UNUSED_FUNCTION = YES;
				GCC_WARN_UNUSED_VARIABLE = YES;
				IPHONEOS_DEPLOYMENT_TARGET = 18.2;
				LOCALIZATION_PREFERS_STRING_CATALOGS = YES;
				MTL_ENABLE_DEBUG_INFO = NO;
				MTL_FAST_MATH = YES;
				SDKROOT = iphoneos;
				SWIFT_COMPILATION_MODE = wholemodule;
				VALIDATE_PRODUCT = YES;
			};
			name = Release;
		};
		92A0DEAF2D62F1AB00329669 /* Debug */ = {
			isa = XCBuildConfiguration;
			buildSettings = {
				ASSETCATALOG_COMPILER_APPICON_NAME = AppIcon;
				ASSETCATALOG_COMPILER_GLOBAL_ACCENT_COLOR_NAME = AccentColor;
				ASSETCATALOG_COMPILER_INCLUDE_ALL_APPICON_ASSETS = NO;
				CODE_SIGN_STYLE = Automatic;
				CURRENT_PROJECT_VERSION = 1;
				DEVELOPMENT_ASSET_PATHS = "\"Countify/Preview Content\"";
				DEVELOPMENT_TEAM = QB2T369883;
				ENABLE_PREVIEWS = YES;
				GENERATE_INFOPLIST_FILE = YES;
				INFOPLIST_FILE = Countify/Info.plist;
				INFOPLIST_KEY_CFBundleDisplayName = Countify;
				INFOPLIST_KEY_LSApplicationCategoryType = "public.app-category.productivity";
				INFOPLIST_KEY_UIApplicationSceneManifest_Generation = YES;
				INFOPLIST_KEY_UIApplicationSupportsIndirectInputEvents = YES;
				INFOPLIST_KEY_UILaunchScreen_Generation = YES;
				INFOPLIST_KEY_UISupportedInterfaceOrientations = UIInterfaceOrientationPortrait;
				INFOPLIST_KEY_UISupportedInterfaceOrientations_iPad = "UIInterfaceOrientationLandscapeLeft UIInterfaceOrientationLandscapeRight UIInterfaceOrientationPortrait UIInterfaceOrientationPortraitUpsideDown";
				IPHONEOS_DEPLOYMENT_TARGET = 17.6;
				LD_RUNPATH_SEARCH_PATHS = (
					"$(inherited)",
					"@executable_path/Frameworks",
				);
				MARKETING_VERSION = 1.0;
				PRODUCT_BUNDLE_IDENTIFIER = com.ThrowCatchers.Countify;
				PRODUCT_NAME = "$(TARGET_NAME)";
				SUPPORTED_PLATFORMS = "iphoneos iphonesimulator";
				SUPPORTS_MACCATALYST = NO;
				SUPPORTS_MAC_DESIGNED_FOR_IPHONE_IPAD = NO;
				SUPPORTS_XR_DESIGNED_FOR_IPHONE_IPAD = NO;
				SWIFT_EMIT_LOC_STRINGS = YES;
				SWIFT_VERSION = 5.0;
				TARGETED_DEVICE_FAMILY = "1,2";
			};
			name = Debug;
		};
		92A0DEB02D62F1AB00329669 /* Release */ = {
			isa = XCBuildConfiguration;
			buildSettings = {
				ASSETCATALOG_COMPILER_APPICON_NAME = AppIcon;
				ASSETCATALOG_COMPILER_GLOBAL_ACCENT_COLOR_NAME = AccentColor;
				ASSETCATALOG_COMPILER_INCLUDE_ALL_APPICON_ASSETS = NO;
				CODE_SIGN_STYLE = Automatic;
				CURRENT_PROJECT_VERSION = 1;
				DEVELOPMENT_ASSET_PATHS = "\"Countify/Preview Content\"";
				DEVELOPMENT_TEAM = QB2T369883;
				ENABLE_PREVIEWS = YES;
				GENERATE_INFOPLIST_FILE = YES;
				INFOPLIST_FILE = Countify/Info.plist;
				INFOPLIST_KEY_CFBundleDisplayName = Countify;
				INFOPLIST_KEY_LSApplicationCategoryType = "public.app-category.productivity";
				INFOPLIST_KEY_UIApplicationSceneManifest_Generation = YES;
				INFOPLIST_KEY_UIApplicationSupportsIndirectInputEvents = YES;
				INFOPLIST_KEY_UILaunchScreen_Generation = YES;
				INFOPLIST_KEY_UISupportedInterfaceOrientations = UIInterfaceOrientationPortrait;
				INFOPLIST_KEY_UISupportedInterfaceOrientations_iPad = "UIInterfaceOrientationLandscapeLeft UIInterfaceOrientationLandscapeRight UIInterfaceOrientationPortrait UIInterfaceOrientationPortraitUpsideDown";
				IPHONEOS_DEPLOYMENT_TARGET = 17.6;
				LD_RUNPATH_SEARCH_PATHS = (
					"$(inherited)",
					"@executable_path/Frameworks",
				);
				MARKETING_VERSION = 1.0;
				PRODUCT_BUNDLE_IDENTIFIER = com.ThrowCatchers.Countify;
				PRODUCT_NAME = "$(TARGET_NAME)";
				SUPPORTED_PLATFORMS = "iphoneos iphonesimulator";
				SUPPORTS_MACCATALYST = NO;
				SUPPORTS_MAC_DESIGNED_FOR_IPHONE_IPAD = NO;
				SUPPORTS_XR_DESIGNED_FOR_IPHONE_IPAD = NO;
				SWIFT_EMIT_LOC_STRINGS = YES;
				SWIFT_VERSION = 5.0;
				TARGETED_DEVICE_FAMILY = "1,2";
			};
			name = Release;
		};
		92A0DEB22D62F1AB00329669 /* Debug */ = {
			isa = XCBuildConfiguration;
			buildSettings = {
				BUNDLE_LOADER = "$(TEST_HOST)";
				CODE_SIGN_STYLE = Automatic;
				CURRENT_PROJECT_VERSION = 1;
				DEVELOPMENT_TEAM = QB2T369883;
				GENERATE_INFOPLIST_FILE = YES;
				IPHONEOS_DEPLOYMENT_TARGET = 18.2;
				MARKETING_VERSION = 1.0;
				PRODUCT_BUNDLE_IDENTIFIER = ThrowCatchers.CountifyTests;
				PRODUCT_NAME = "$(TARGET_NAME)";
				SWIFT_EMIT_LOC_STRINGS = NO;
				SWIFT_VERSION = 5.0;
				TARGETED_DEVICE_FAMILY = "1,2";
				TEST_HOST = "$(BUILT_PRODUCTS_DIR)/Countify.app/$(BUNDLE_EXECUTABLE_FOLDER_PATH)/Countify";
			};
			name = Debug;
		};
		92A0DEB32D62F1AB00329669 /* Release */ = {
			isa = XCBuildConfiguration;
			buildSettings = {
				BUNDLE_LOADER = "$(TEST_HOST)";
				CODE_SIGN_STYLE = Automatic;
				CURRENT_PROJECT_VERSION = 1;
				DEVELOPMENT_TEAM = QB2T369883;
				GENERATE_INFOPLIST_FILE = YES;
				IPHONEOS_DEPLOYMENT_TARGET = 18.2;
				MARKETING_VERSION = 1.0;
				PRODUCT_BUNDLE_IDENTIFIER = ThrowCatchers.CountifyTests;
				PRODUCT_NAME = "$(TARGET_NAME)";
				SWIFT_EMIT_LOC_STRINGS = NO;
				SWIFT_VERSION = 5.0;
				TARGETED_DEVICE_FAMILY = "1,2";
				TEST_HOST = "$(BUILT_PRODUCTS_DIR)/Countify.app/$(BUNDLE_EXECUTABLE_FOLDER_PATH)/Countify";
			};
			name = Release;
		};
		92A0DEB52D62F1AB00329669 /* Debug */ = {
			isa = XCBuildConfiguration;
			buildSettings = {
				CODE_SIGN_STYLE = Automatic;
				CURRENT_PROJECT_VERSION = 1;
				DEVELOPMENT_TEAM = QB2T369883;
				GENERATE_INFOPLIST_FILE = YES;
				MARKETING_VERSION = 1.0;
				PRODUCT_BUNDLE_IDENTIFIER = ThrowCatchers.CountifyUITests;
				PRODUCT_NAME = "$(TARGET_NAME)";
				SWIFT_EMIT_LOC_STRINGS = NO;
				SWIFT_VERSION = 5.0;
				TARGETED_DEVICE_FAMILY = "1,2";
				TEST_TARGET_NAME = Countify;
			};
			name = Debug;
		};
		92A0DEB62D62F1AB00329669 /* Release */ = {
			isa = XCBuildConfiguration;
			buildSettings = {
				CODE_SIGN_STYLE = Automatic;
				CURRENT_PROJECT_VERSION = 1;
				DEVELOPMENT_TEAM = QB2T369883;
				GENERATE_INFOPLIST_FILE = YES;
				MARKETING_VERSION = 1.0;
				PRODUCT_BUNDLE_IDENTIFIER = ThrowCatchers.CountifyUITests;
				PRODUCT_NAME = "$(TARGET_NAME)";
				SWIFT_EMIT_LOC_STRINGS = NO;
				SWIFT_VERSION = 5.0;
				TARGETED_DEVICE_FAMILY = "1,2";
				TEST_TARGET_NAME = Countify;
			};
			name = Release;
		};
/* End XCBuildConfiguration section */

/* Begin XCConfigurationList section */
		92A0DE852D62F1A900329669 /* Build configuration list for PBXProject "Countify" */ = {
			isa = XCConfigurationList;
			buildConfigurations = (
				92A0DEAC2D62F1AB00329669 /* Debug */,
				92A0DEAD2D62F1AB00329669 /* Release */,
			);
			defaultConfigurationIsVisible = 0;
			defaultConfigurationName = Release;
		};
		92A0DEAE2D62F1AB00329669 /* Build configuration list for PBXNativeTarget "Countify" */ = {
			isa = XCConfigurationList;
			buildConfigurations = (
				92A0DEAF2D62F1AB00329669 /* Debug */,
				92A0DEB02D62F1AB00329669 /* Release */,
			);
			defaultConfigurationIsVisible = 0;
			defaultConfigurationName = Release;
		};
		92A0DEB12D62F1AB00329669 /* Build configuration list for PBXNativeTarget "CountifyTests" */ = {
			isa = XCConfigurationList;
			buildConfigurations = (
				92A0DEB22D62F1AB00329669 /* Debug */,
				92A0DEB32D62F1AB00329669 /* Release */,
			);
			defaultConfigurationIsVisible = 0;
			defaultConfigurationName = Release;
		};
		92A0DEB42D62F1AB00329669 /* Build configuration list for PBXNativeTarget "CountifyUITests" */ = {
			isa = XCConfigurationList;
			buildConfigurations = (
				92A0DEB52D62F1AB00329669 /* Debug */,
				92A0DEB62D62F1AB00329669 /* Release */,
			);
			defaultConfigurationIsVisible = 0;
			defaultConfigurationName = Release;
		};
/* End XCConfigurationList section */
	};
	rootObject = 92A0DE822D62F1A900329669 /* Project object */;
}
